// !$*UTF8*$!
{
	archiveVersion = 1;
	classes = {
	};
	objectVersion = 46;
	objects = {

/* Begin PBXBuildFile section */
		8105B05F1E3FC21800D41CE5 /* main.m in Sources */ = {isa = PBXBuildFile; fileRef = 8105B05E1E3FC21800D41CE5 /* main.m */; };
		8105B0621E3FC21800D41CE5 /* AppDelegate.m in Sources */ = {isa = PBXBuildFile; fileRef = 8105B0611E3FC21800D41CE5 /* AppDelegate.m */; };
		8105B0651E3FC21800D41CE5 /* YBMainViewController.m in Sources */ = {isa = PBXBuildFile; fileRef = 8105B0641E3FC21800D41CE5 /* YBMainViewController.m */; };
		8105B0681E3FC21800D41CE5 /* Main.storyboard in Resources */ = {isa = PBXBuildFile; fileRef = 8105B0661E3FC21800D41CE5 /* Main.storyboard */; };
		8105B06A1E3FC21800D41CE5 /* Assets.xcassets in Resources */ = {isa = PBXBuildFile; fileRef = 8105B0691E3FC21800D41CE5 /* Assets.xcassets */; };
		8105B06D1E3FC21800D41CE5 /* LaunchScreen.storyboard in Resources */ = {isa = PBXBuildFile; fileRef = 8105B06B1E3FC21800D41CE5 /* LaunchScreen.storyboard */; };
		8105B0771E3FDE6B00D41CE5 /* YBSortVisualizationView.m in Sources */ = {isa = PBXBuildFile; fileRef = 8105B0761E3FDE6B00D41CE5 /* YBSortVisualizationView.m */; };
		8105B07A1E3FE2DC00D41CE5 /* YBCircleView.m in Sources */ = {isa = PBXBuildFile; fileRef = 8105B0791E3FE2DC00D41CE5 /* YBCircleView.m */; };
		8161CB681E408F0E00A3A65B /* YBShellSortStep.m in Sources */ = {isa = PBXBuildFile; fileRef = 8161CB671E408F0E00A3A65B /* YBShellSortStep.m */; };
		8161CB6B1E40D30E00A3A65B /* YBIndexIndicatorView.m in Sources */ = {isa = PBXBuildFile; fileRef = 8161CB6A1E40D30E00A3A65B /* YBIndexIndicatorView.m */; };
/* End PBXBuildFile section */

/* Begin PBXFileReference section */
		8105B05A1E3FC21800D41CE5 /* YBSortVisualizer.app */ = {isa = PBXFileReference; explicitFileType = wrapper.application; includeInIndex = 0; path = YBSortVisualizer.app; sourceTree = BUILT_PRODUCTS_DIR; };
		8105B05E1E3FC21800D41CE5 /* main.m */ = {isa = PBXFileReference; lastKnownFileType = sourcecode.c.objc; path = main.m; sourceTree = "<group>"; };
		8105B0601E3FC21800D41CE5 /* AppDelegate.h */ = {isa = PBXFileReference; lastKnownFileType = sourcecode.c.h; path = AppDelegate.h; sourceTree = "<group>"; };
		8105B0611E3FC21800D41CE5 /* AppDelegate.m */ = {isa = PBXFileReference; lastKnownFileType = sourcecode.c.objc; path = AppDelegate.m; sourceTree = "<group>"; };
		8105B0631E3FC21800D41CE5 /* YBMainViewController.h */ = {isa = PBXFileReference; lastKnownFileType = sourcecode.c.h; path = YBMainViewController.h; sourceTree = "<group>"; };
		8105B0641E3FC21800D41CE5 /* YBMainViewController.m */ = {isa = PBXFileReference; lastKnownFileType = sourcecode.c.objc; path = YBMainViewController.m; sourceTree = "<group>"; };
		8105B0671E3FC21800D41CE5 /* Base */ = {isa = PBXFileReference; lastKnownFileType = file.storyboard; name = Base; path = Base.lproj/Main.storyboard; sourceTree = "<group>"; };
		8105B0691E3FC21800D41CE5 /* Assets.xcassets */ = {isa = PBXFileReference; lastKnownFileType = folder.assetcatalog; path = Assets.xcassets; sourceTree = "<group>"; };
		8105B06C1E3FC21800D41CE5 /* Base */ = {isa = PBXFileReference; lastKnownFileType = file.storyboard; name = Base; path = Base.lproj/LaunchScreen.storyboard; sourceTree = "<group>"; };
		8105B06E1E3FC21800D41CE5 /* Info.plist */ = {isa = PBXFileReference; lastKnownFileType = text.plist.xml; path = Info.plist; sourceTree = "<group>"; };
		8105B0751E3FDE6B00D41CE5 /* YBSortVisualizationView.h */ = {isa = PBXFileReference; fileEncoding = 4; lastKnownFileType = sourcecode.c.h; path = YBSortVisualizationView.h; sourceTree = "<group>"; };
		8105B0761E3FDE6B00D41CE5 /* YBSortVisualizationView.m */ = {isa = PBXFileReference; fileEncoding = 4; lastKnownFileType = sourcecode.c.objc; path = YBSortVisualizationView.m; sourceTree = "<group>"; };
		8105B0781E3FE2DC00D41CE5 /* YBCircleView.h */ = {isa = PBXFileReference; fileEncoding = 4; lastKnownFileType = sourcecode.c.h; path = YBCircleView.h; sourceTree = "<group>"; };
		8105B0791E3FE2DC00D41CE5 /* YBCircleView.m */ = {isa = PBXFileReference; fileEncoding = 4; lastKnownFileType = sourcecode.c.objc; path = YBCircleView.m; sourceTree = "<group>"; };
		8161CB661E408F0E00A3A65B /* YBShellSortStep.h */ = {isa = PBXFileReference; fileEncoding = 4; lastKnownFileType = sourcecode.c.h; path = YBShellSortStep.h; sourceTree = "<group>"; };
		8161CB671E408F0E00A3A65B /* YBShellSortStep.m */ = {isa = PBXFileReference; fileEncoding = 4; lastKnownFileType = sourcecode.c.objc; path = YBShellSortStep.m; sourceTree = "<group>"; };
		8161CB691E40D30E00A3A65B /* YBIndexIndicatorView.h */ = {isa = PBXFileReference; fileEncoding = 4; lastKnownFileType = sourcecode.c.h; path = YBIndexIndicatorView.h; sourceTree = "<group>"; };
		8161CB6A1E40D30E00A3A65B /* YBIndexIndicatorView.m */ = {isa = PBXFileReference; fileEncoding = 4; lastKnownFileType = sourcecode.c.objc; path = YBIndexIndicatorView.m; sourceTree = "<group>"; };
/* End PBXFileReference section */

/* Begin PBXFrameworksBuildPhase section */
		8105B0571E3FC21800D41CE5 /* Frameworks */ = {
			isa = PBXFrameworksBuildPhase;
			buildActionMask = 2147483647;
			files = (
			);
			runOnlyForDeploymentPostprocessing = 0;
		};
/* End PBXFrameworksBuildPhase section */

/* Begin PBXGroup section */
		8105B0511E3FC21800D41CE5 = {
			isa = PBXGroup;
			children = (
				8105B05C1E3FC21800D41CE5 /* YBSortVisualizer */,
				8105B05B1E3FC21800D41CE5 /* Products */,
			);
			sourceTree = "<group>";
		};
		8105B05B1E3FC21800D41CE5 /* Products */ = {
			isa = PBXGroup;
			children = (
				8105B05A1E3FC21800D41CE5 /* YBSortVisualizer.app */,
			);
			name = Products;
			sourceTree = "<group>";
		};
		8105B05C1E3FC21800D41CE5 /* YBSortVisualizer */ = {
			isa = PBXGroup;
			children = (
				8131EE601E40888200D0B5FF /* Models */,
				8105B0741E3FDE1C00D41CE5 /* Views */,
				8105B0601E3FC21800D41CE5 /* AppDelegate.h */,
				8105B0611E3FC21800D41CE5 /* AppDelegate.m */,
				8105B0631E3FC21800D41CE5 /* YBMainViewController.h */,
				8105B0641E3FC21800D41CE5 /* YBMainViewController.m */,
				8105B0661E3FC21800D41CE5 /* Main.storyboard */,
				8105B0691E3FC21800D41CE5 /* Assets.xcassets */,
				8105B06B1E3FC21800D41CE5 /* LaunchScreen.storyboard */,
				8105B06E1E3FC21800D41CE5 /* Info.plist */,
				8105B05D1E3FC21800D41CE5 /* Supporting Files */,
			);
			path = YBSortVisualizer;
			sourceTree = "<group>";
		};
		8105B05D1E3FC21800D41CE5 /* Supporting Files */ = {
			isa = PBXGroup;
			children = (
				8105B05E1E3FC21800D41CE5 /* main.m */,
			);
			name = "Supporting Files";
			sourceTree = "<group>";
		};
		8105B0741E3FDE1C00D41CE5 /* Views */ = {
			isa = PBXGroup;
			children = (
				8105B0751E3FDE6B00D41CE5 /* YBSortVisualizationView.h */,
				8105B0761E3FDE6B00D41CE5 /* YBSortVisualizationView.m */,
				8105B0781E3FE2DC00D41CE5 /* YBCircleView.h */,
				8105B0791E3FE2DC00D41CE5 /* YBCircleView.m */,
				8161CB691E40D30E00A3A65B /* YBIndexIndicatorView.h */,
				8161CB6A1E40D30E00A3A65B /* YBIndexIndicatorView.m */,
			);
			name = Views;
			sourceTree = "<group>";
		};
		8131EE601E40888200D0B5FF /* Models */ = {
			isa = PBXGroup;
			children = (
				8161CB661E408F0E00A3A65B /* YBShellSortStep.h */,
				8161CB671E408F0E00A3A65B /* YBShellSortStep.m */,
			);
			name = Models;
			sourceTree = "<group>";
		};
/* End PBXGroup section */

/* Begin PBXNativeTarget section */
		8105B0591E3FC21800D41CE5 /* YBSortVisualizer */ = {
			isa = PBXNativeTarget;
			buildConfigurationList = 8105B0711E3FC21800D41CE5 /* Build configuration list for PBXNativeTarget "YBSortVisualizer" */;
			buildPhases = (
				8105B0561E3FC21800D41CE5 /* Sources */,
				8105B0571E3FC21800D41CE5 /* Frameworks */,
				8105B0581E3FC21800D41CE5 /* Resources */,
			);
			buildRules = (
			);
			dependencies = (
			);
			name = YBSortVisualizer;
			productName = YBSortVisualizer;
			productReference = 8105B05A1E3FC21800D41CE5 /* YBSortVisualizer.app */;
			productType = "com.apple.product-type.application";
		};
/* End PBXNativeTarget section */

/* Begin PBXProject section */
		8105B0521E3FC21800D41CE5 /* Project object */ = {
			isa = PBXProject;
			attributes = {
				LastUpgradeCheck = 0820;
				ORGANIZATIONNAME = "Evgen Bakumenko";
				TargetAttributes = {
					8105B0591E3FC21800D41CE5 = {
						CreatedOnToolsVersion = 8.2.1;
						DevelopmentTeam = RC4PRECDUH;
						ProvisioningStyle = Automatic;
					};
				};
			};
			buildConfigurationList = 8105B0551E3FC21800D41CE5 /* Build configuration list for PBXProject "YBSortVisualizer" */;
			compatibilityVersion = "Xcode 3.2";
			developmentRegion = English;
			hasScannedForEncodings = 0;
			knownRegions = (
				en,
				Base,
			);
			mainGroup = 8105B0511E3FC21800D41CE5;
			productRefGroup = 8105B05B1E3FC21800D41CE5 /* Products */;
			projectDirPath = "";
			projectRoot = "";
			targets = (
				8105B0591E3FC21800D41CE5 /* YBSortVisualizer */,
			);
		};
/* End PBXProject section */

/* Begin PBXResourcesBuildPhase section */
		8105B0581E3FC21800D41CE5 /* Resources */ = {
			isa = PBXResourcesBuildPhase;
			buildActionMask = 2147483647;
			files = (
				8105B06D1E3FC21800D41CE5 /* LaunchScreen.storyboard in Resources */,
				8105B06A1E3FC21800D41CE5 /* Assets.xcassets in Resources */,
				8105B0681E3FC21800D41CE5 /* Main.storyboard in Resources */,
			);
			runOnlyForDeploymentPostprocessing = 0;
		};
/* End PBXResourcesBuildPhase section */

/* Begin PBXSourcesBuildPhase section */
		8105B0561E3FC21800D41CE5 /* Sources */ = {
			isa = PBXSourcesBuildPhase;
			buildActionMask = 2147483647;
			files = (
				8161CB6B1E40D30E00A3A65B /* YBIndexIndicatorView.m in Sources */,
				8105B0771E3FDE6B00D41CE5 /* YBSortVisualizationView.m in Sources */,
				8105B0651E3FC21800D41CE5 /* YBMainViewController.m in Sources */,
				8105B07A1E3FE2DC00D41CE5 /* YBCircleView.m in Sources */,
				8105B0621E3FC21800D41CE5 /* AppDelegate.m in Sources */,
				8105B05F1E3FC21800D41CE5 /* main.m in Sources */,
				8161CB681E408F0E00A3A65B /* YBShellSortStep.m in Sources */,
			);
			runOnlyForDeploymentPostprocessing = 0;
		};
/* End PBXSourcesBuildPhase section */

/* Begin PBXVariantGroup section */
		8105B0661E3FC21800D41CE5 /* Main.storyboard */ = {
			isa = PBXVariantGroup;
			children = (
				8105B0671E3FC21800D41CE5 /* Base */,
			);
			name = Main.storyboard;
			sourceTree = "<group>";
		};
		8105B06B1E3FC21800D41CE5 /* LaunchScreen.storyboard */ = {
			isa = PBXVariantGroup;
			children = (
				8105B06C1E3FC21800D41CE5 /* Base */,
			);
			name = LaunchScreen.storyboard;
			sourceTree = "<group>";
		};
/* End PBXVariantGroup section */

/* Begin XCBuildConfiguration section */
		8105B06F1E3FC21800D41CE5 /* Debug */ = {
			isa = XCBuildConfiguration;
			buildSettings = {
				ALWAYS_SEARCH_USER_PATHS = NO;
				CLANG_ANALYZER_NONNULL = YES;
				CLANG_CXX_LANGUAGE_STANDARD = "gnu++0x";
				CLANG_CXX_LIBRARY = "libc++";
				CLANG_ENABLE_MODULES = YES;
				CLANG_ENABLE_OBJC_ARC = YES;
				CLANG_WARN_BOOL_CONVERSION = YES;
				CLANG_WARN_CONSTANT_CONVERSION = YES;
				CLANG_WARN_DIRECT_OBJC_ISA_USAGE = YES_ERROR;
				CLANG_WARN_DOCUMENTATION_COMMENTS = YES;
				CLANG_WARN_EMPTY_BODY = YES;
				CLANG_WARN_ENUM_CONVERSION = YES;
				CLANG_WARN_INFINITE_RECURSION = YES;
				CLANG_WARN_INT_CONVERSION = YES;
				CLANG_WARN_OBJC_ROOT_CLASS = YES_ERROR;
				CLANG_WARN_SUSPICIOUS_MOVE = YES;
				CLANG_WARN_UNREACHABLE_CODE = YES;
				CLANG_WARN__DUPLICATE_METHOD_MATCH = YES;
				"CODE_SIGN_IDENTITY[sdk=iphoneos*]" = "iPhone Developer";
				COPY_PHASE_STRIP = NO;
				DEBUG_INFORMATION_FORMAT = dwarf;
				ENABLE_STRICT_OBJC_MSGSEND = YES;
				ENABLE_TESTABILITY = YES;
				GCC_C_LANGUAGE_STANDARD = gnu99;
				GCC_DYNAMIC_NO_PIC = NO;
				GCC_NO_COMMON_BLOCKS = YES;
				GCC_OPTIMIZATION_LEVEL = 0;
				GCC_PREPROCESSOR_DEFINITIONS = (
					"DEBUG=1",
					"$(inherited)",
				);
				GCC_WARN_64_TO_32_BIT_CONVERSION = YES;
				GCC_WARN_ABOUT_RETURN_TYPE = YES_ERROR;
				GCC_WARN_UNDECLARED_SELECTOR = YES;
				GCC_WARN_UNINITIALIZED_AUTOS = YES_AGGRESSIVE;
				GCC_WARN_UNUSED_FUNCTION = YES;
				GCC_WARN_UNUSED_VARIABLE = YES;
				IPHONEOS_DEPLOYMENT_TARGET = 10.2;
				MTL_ENABLE_DEBUG_INFO = YES;
				ONLY_ACTIVE_ARCH = YES;
				SDKROOT = iphoneos;
			};
			name = Debug;
		};
		8105B0701E3FC21800D41CE5 /* Release */ = {
			isa = XCBuildConfiguration;
			buildSettings = {
				ALWAYS_SEARCH_USER_PATHS = NO;
				CLANG_ANALYZER_NONNULL = YES;
				CLANG_CXX_LANGUAGE_STANDARD = "gnu++0x";
				CLANG_CXX_LIBRARY = "libc++";
				CLANG_ENABLE_MODULES = YES;
				CLANG_ENABLE_OBJC_ARC = YES;
				CLANG_WARN_BOOL_CONVERSION = YES;
				CLANG_WARN_CONSTANT_CONVERSION = YES;
				CLANG_WARN_DIRECT_OBJC_ISA_USAGE = YES_ERROR;
				CLANG_WARN_DOCUMENTATION_COMMENTS = YES;
				CLANG_WARN_EMPTY_BODY = YES;
				CLANG_WARN_ENUM_CONVERSION = YES;
				CLANG_WARN_INFINITE_RECURSION = YES;
				CLANG_WARN_INT_CONVERSION = YES;
				CLANG_WARN_OBJC_ROOT_CLASS = YES_ERROR;
				CLANG_WARN_SUSPICIOUS_MOVE = YES;
				CLANG_WARN_UNREACHABLE_CODE = YES;
				CLANG_WARN__DUPLICATE_METHOD_MATCH = YES;
				"CODE_SIGN_IDENTITY[sdk=iphoneos*]" = "iPhone Developer";
				COPY_PHASE_STRIP = NO;
				DEBUG_INFORMATION_FORMAT = "dwarf-with-dsym";
				ENABLE_NS_ASSERTIONS = NO;
				ENABLE_STRICT_OBJC_MSGSEND = YES;
				GCC_C_LANGUAGE_STANDARD = gnu99;
				GCC_NO_COMMON_BLOCKS = YES;
				GCC_WARN_64_TO_32_BIT_CONVERSION = YES;
				GCC_WARN_ABOUT_RETURN_TYPE = YES_ERROR;
				GCC_WARN_UNDECLARED_SELECTOR = YES;
				GCC_WARN_UNINITIALIZED_AUTOS = YES_AGGRESSIVE;
				GCC_WARN_UNUSED_FUNCTION = YES;
				GCC_WARN_UNUSED_VARIABLE = YES;
				IPHONEOS_DEPLOYMENT_TARGET = 10.2;
				MTL_ENABLE_DEBUG_INFO = NO;
				SDKROOT = iphoneos;
				VALIDATE_PRODUCT = YES;
			};
			name = Release;
		};
		8105B0721E3FC21800D41CE5 /* Debug */ = {
			isa = XCBuildConfiguration;
			buildSettings = {
				ASSETCATALOG_COMPILER_APPICON_NAME = AppIcon;
				"CODE_SIGN_IDENTITY[sdk=iphoneos*]" = "iPhone Developer";
				DEVELOPMENT_TEAM = RC4PRECDUH;
				INFOPLIST_FILE = YBSortVisualizer/Info.plist;
				LD_RUNPATH_SEARCH_PATHS = "$(inherited) @executable_path/Frameworks";
				PRODUCT_BUNDLE_IDENTIFIER = com.test.YBSortVisualizer;
				PRODUCT_NAME = "$(TARGET_NAME)";
				PROVISIONING_PROFILE = "";
				PROVISIONING_PROFILE_SPECIFIER = "";
			};
			name = Debug;
		};
		8105B0731E3FC21800D41CE5 /* Release */ = {
			isa = XCBuildConfiguration;
			buildSettings = {
				ASSETCATALOG_COMPILER_APPICON_NAME = AppIcon;
				"CODE_SIGN_IDENTITY[sdk=iphoneos*]" = "iPhone Developer";
				DEVELOPMENT_TEAM = RC4PRECDUH;
				INFOPLIST_FILE = YBSortVisualizer/Info.plist;
				LD_RUNPATH_SEARCH_PATHS = "$(inherited) @executable_path/Frameworks";
				PRODUCT_BUNDLE_IDENTIFIER = com.test.YBSortVisualizer;
				PRODUCT_NAME = "$(TARGET_NAME)";
				PROVISIONING_PROFILE = "";
				PROVISIONING_PROFILE_SPECIFIER = "";
			};
			name = Release;
		};
/* End XCBuildConfiguration section */

/* Begin XCConfigurationList section */
		8105B0551E3FC21800D41CE5 /* Build configuration list for PBXProject "YBSortVisualizer" */ = {
			isa = XCConfigurationList;
			buildConfigurations = (
				8105B06F1E3FC21800D41CE5 /* Debug */,
				8105B0701E3FC21800D41CE5 /* Release */,
			);
			defaultConfigurationIsVisible = 0;
			defaultConfigurationName = Release;
		};
		8105B0711E3FC21800D41CE5 /* Build configuration list for PBXNativeTarget "YBSortVisualizer" */ = {
			isa = XCConfigurationList;
			buildConfigurations = (
				8105B0721E3FC21800D41CE5 /* Debug */,
				8105B0731E3FC21800D41CE5 /* Release */,
			);
			defaultConfigurationIsVisible = 0;
			defaultConfigurationName = Release;
		};
/* End XCConfigurationList section */
	};
	rootObject = 8105B0521E3FC21800D41CE5 /* Project object */;
}
